{
  "name": "prototype project",
  "version": "1.0.0",
  "lockfileVersion": 1,
  "requires": true,
  "dependencies": {
    "@superflycss/utilities-fonts": {
      "version": "4.0.4",
      "resolved": "http://localhost:4873/@superflycss%2futilities-fonts/-/utilities-fonts-4.0.4.tgz",
      "integrity": "sha512-pqNZw9M7BHxszVOpYvj/wWw4XgOgD77/LWp7Cnn11KgCfp1BcoZwaItCSNrWPCnPbhI8rZKupKKddCoynXSuPQ=="
    }
  }
}
